// !$*UTF8*$!
{
	archiveVersion = 1;
	classes = {
	};
	objectVersion = 51;
	objects = {

/* Begin PBXBuildFile section */
		1860137C256A051E0080316C /* LoginVM.swift in Sources */ = {isa = PBXBuildFile; fileRef = 1860137B256A051E0080316C /* LoginVM.swift */; };
		1860137F256A05270080316C /* LoginNavi.swift in Sources */ = {isa = PBXBuildFile; fileRef = 1860137E256A05270080316C /* LoginNavi.swift */; };
		18601382256A05320080316C /* LoginAssembler.swift in Sources */ = {isa = PBXBuildFile; fileRef = 18601381256A05320080316C /* LoginAssembler.swift */; };
		1860138D256A6FB70080316C /* AuthenticationState.swift in Sources */ = {isa = PBXBuildFile; fileRef = 1860138C256A6FB70080316C /* AuthenticationState.swift */; };
		18601392256A702A0080316C /* AuthenticationAction.swift in Sources */ = {isa = PBXBuildFile; fileRef = 18601391256A702A0080316C /* AuthenticationAction.swift */; };
		18601398256A88B70080316C /* ThunkMiddleware.swift in Sources */ = {isa = PBXBuildFile; fileRef = 18601397256A88B70080316C /* ThunkMiddleware.swift */; };
		186C210925603CC4008A3A91 /* Helper.swift in Sources */ = {isa = PBXBuildFile; fileRef = 186C210825603CC4008A3A91 /* Helper.swift */; };
		18895A8E256993F2003DFE79 /* GoogleService-Info.plist in Resources */ = {isa = PBXBuildFile; fileRef = 18895A8D256993F2003DFE79 /* GoogleService-Info.plist */; };
		18895AA92569FA94003DFE79 /* LoginVC.swift in Sources */ = {isa = PBXBuildFile; fileRef = 18895AA72569FA94003DFE79 /* LoginVC.swift */; };
		18895AAA2569FA94003DFE79 /* LoginVC.xib in Resources */ = {isa = PBXBuildFile; fileRef = 18895AA82569FA94003DFE79 /* LoginVC.xib */; };
		18895AB82569FDB9003DFE79 /* AppState.swift in Sources */ = {isa = PBXBuildFile; fileRef = 18895AB72569FDB9003DFE79 /* AppState.swift */; };
		18C62311256ACBB900DC5863 /* AuthenticationStore.swift in Sources */ = {isa = PBXBuildFile; fileRef = 18C62310256ACBB900DC5863 /* AuthenticationStore.swift */; };
		18C62314256AD02300DC5863 /* AuthenticationReducer.swift in Sources */ = {isa = PBXBuildFile; fileRef = 18C62313256AD02300DC5863 /* AuthenticationReducer.swift */; };
		18CCFAEA257295E40096AE24 /* MovieListCell.swift in Sources */ = {isa = PBXBuildFile; fileRef = 18CCFAE8257295E40096AE24 /* MovieListCell.swift */; };
		18CCFAEB257295E40096AE24 /* MovieListCell.xib in Resources */ = {isa = PBXBuildFile; fileRef = 18CCFAE9257295E40096AE24 /* MovieListCell.xib */; };
		18CCFAEF2572A0E40096AE24 /* UIImageView.swift in Sources */ = {isa = PBXBuildFile; fileRef = 18CCFAEE2572A0E40096AE24 /* UIImageView.swift */; };
		18CCFB092572BD040096AE24 /* String.swift in Sources */ = {isa = PBXBuildFile; fileRef = 18CCFB082572BD040096AE24 /* String.swift */; };
		18CCFB0C2572BE460096AE24 /* UITableView.swift in Sources */ = {isa = PBXBuildFile; fileRef = 18CCFB0B2572BE460096AE24 /* UITableView.swift */; };
		18CCFB0F2572BED60096AE24 /* NSObject.swift in Sources */ = {isa = PBXBuildFile; fileRef = 18CCFB0E2572BED60096AE24 /* NSObject.swift */; };
		18CCFB1A25734CB30096AE24 /* UIScrollView.swift in Sources */ = {isa = PBXBuildFile; fileRef = 18CCFB1925734CB30096AE24 /* UIScrollView.swift */; };
		18CCFB1E25734EA70096AE24 /* PullTableView.swift in Sources */ = {isa = PBXBuildFile; fileRef = 18CCFB1D25734EA70096AE24 /* PullTableView.swift */; };
		787D5646CF3B33247AFFD5F7 /* Pods_SwiftBase_art.framework in Frameworks */ = {isa = PBXBuildFile; fileRef = F378DDCA874736900F974B6F /* Pods_SwiftBase_art.framework */; };
		EF09973325772085003EDE99 /* FilestackEndpoint.swift in Sources */ = {isa = PBXBuildFile; fileRef = EF09973225772085003EDE99 /* FilestackEndpoint.swift */; };
		EF099736257730A2003EDE99 /* FilestackService.swift in Sources */ = {isa = PBXBuildFile; fileRef = EF099735257730A2003EDE99 /* FilestackService.swift */; };
		EF09973B257732C1003EDE99 /* FilestackUploadResult.swift in Sources */ = {isa = PBXBuildFile; fileRef = EF09973A257732C1003EDE99 /* FilestackUploadResult.swift */; };
		EF2AAC4C2575D85B0026549D /* URLSession.swift in Sources */ = {isa = PBXBuildFile; fileRef = EF2AAC4B2575D85B0026549D /* URLSession.swift */; };
		EF880E7F256D728800D1FBF6 /* MovieEndpoint.swift in Sources */ = {isa = PBXBuildFile; fileRef = EF880E7E256D728800D1FBF6 /* MovieEndpoint.swift */; };
		EF880E82256D771D00D1FBF6 /* MovieService.swift in Sources */ = {isa = PBXBuildFile; fileRef = EF880E81256D771D00D1FBF6 /* MovieService.swift */; };
		EF93139B25763A6500225F3D /* ProfileVC.swift in Sources */ = {isa = PBXBuildFile; fileRef = EF93139925763A6500225F3D /* ProfileVC.swift */; };
		EF93139C25763A6500225F3D /* ProfileVC.xib in Resources */ = {isa = PBXBuildFile; fileRef = EF93139A25763A6500225F3D /* ProfileVC.xib */; };
		EF93139F25763AAC00225F3D /* ProfileVM.swift in Sources */ = {isa = PBXBuildFile; fileRef = EF93139E25763AAC00225F3D /* ProfileVM.swift */; };
		EF9313A225763AB600225F3D /* ProfileNavi.swift in Sources */ = {isa = PBXBuildFile; fileRef = EF9313A125763AB600225F3D /* ProfileNavi.swift */; };
		EF9313A525763AED00225F3D /* ProfileAssembler.swift in Sources */ = {isa = PBXBuildFile; fileRef = EF9313A425763AED00225F3D /* ProfileAssembler.swift */; };
		EF9313A825764E0900225F3D /* UIImage.swift in Sources */ = {isa = PBXBuildFile; fileRef = EF9313A725764E0900225F3D /* UIImage.swift */; };
		EF9F251F256BA8E9004B2E4A /* ScreenTransitionManager.swift in Sources */ = {isa = PBXBuildFile; fileRef = EF9F251E256BA8E9004B2E4A /* ScreenTransitionManager.swift */; };
		EF9F2521256BBDEA004B2E4A /* Alert.swift in Sources */ = {isa = PBXBuildFile; fileRef = EF9F2520256BBDEA004B2E4A /* Alert.swift */; };
		EF9F2526256CEFF0004B2E4A /* APIHelper.swift in Sources */ = {isa = PBXBuildFile; fileRef = EF9F2525256CEFF0004B2E4A /* APIHelper.swift */; };
		EF9F2528256CF048004B2E4A /* APISession.swift in Sources */ = {isa = PBXBuildFile; fileRef = EF9F2527256CF048004B2E4A /* APISession.swift */; };
		EFD4F068257626C9004C9744 /* TabbarVC.swift in Sources */ = {isa = PBXBuildFile; fileRef = EFD4F067257626C9004C9744 /* TabbarVC.swift */; };
		EFD4F06C2576275E004C9744 /* TabbarVM.swift in Sources */ = {isa = PBXBuildFile; fileRef = EFD4F06B2576275E004C9744 /* TabbarVM.swift */; };
		EFD4F06F25762766004C9744 /* TabbarNavi.swift in Sources */ = {isa = PBXBuildFile; fileRef = EFD4F06E25762766004C9744 /* TabbarNavi.swift */; };
		EFD4F07225762771004C9744 /* TabbarAssembler.swift in Sources */ = {isa = PBXBuildFile; fileRef = EFD4F07125762771004C9744 /* TabbarAssembler.swift */; };
		EFD5E839257106A7008EA541 /* HTTPStatusCode.swift in Sources */ = {isa = PBXBuildFile; fileRef = EFD5E838257106A7008EA541 /* HTTPStatusCode.swift */; };
		EFD5E83B257108DB008EA541 /* MovieModel.swift in Sources */ = {isa = PBXBuildFile; fileRef = EFD5E83A257108DB008EA541 /* MovieModel.swift */; };
		EFD5E83F25710CD8008EA541 /* MovieListVM.swift in Sources */ = {isa = PBXBuildFile; fileRef = EFD5E83E25710CD8008EA541 /* MovieListVM.swift */; };
		EFD5E84125710CE4008EA541 /* MovieListNavi.swift in Sources */ = {isa = PBXBuildFile; fileRef = EFD5E84025710CE4008EA541 /* MovieListNavi.swift */; };
		EFD5E84325710CF7008EA541 /* MovieListAssembler.swift in Sources */ = {isa = PBXBuildFile; fileRef = EFD5E84225710CF7008EA541 /* MovieListAssembler.swift */; };
		EFD5E84625710D0D008EA541 /* MovieListVC.swift in Sources */ = {isa = PBXBuildFile; fileRef = EFD5E84425710D0D008EA541 /* MovieListVC.swift */; };
		EFD5E84725710D0D008EA541 /* MovieListVC.xib in Resources */ = {isa = PBXBuildFile; fileRef = EFD5E84525710D0D008EA541 /* MovieListVC.xib */; };
		FA13FD11255E862500F3D9F1 /* BaseNC.swift in Sources */ = {isa = PBXBuildFile; fileRef = FA13FD10255E862500F3D9F1 /* BaseNC.swift */; };
		FA13FD18255E866700F3D9F1 /* BaseView.swift in Sources */ = {isa = PBXBuildFile; fileRef = FA13FD17255E866700F3D9F1 /* BaseView.swift */; };
		FA13FD1F255E8C9200F3D9F1 /* BaseVC.swift in Sources */ = {isa = PBXBuildFile; fileRef = FA13FD1E255E8C9200F3D9F1 /* BaseVC.swift */; };
		FA1B4AD9255EED50002780B2 /* AppNavi.swift in Sources */ = {isa = PBXBuildFile; fileRef = FA1B4AD8255EED50002780B2 /* AppNavi.swift */; };
		FA1B4ADD255F81A9002780B2 /* Assembler.swift in Sources */ = {isa = PBXBuildFile; fileRef = FA1B4ADC255F81A9002780B2 /* Assembler.swift */; };
		FA1B4ADF255F86B1002780B2 /* AppVM.swift in Sources */ = {isa = PBXBuildFile; fileRef = FA1B4ADE255F86B1002780B2 /* AppVM.swift */; };
		FA1B4AE1255F8836002780B2 /* AppAssembler.swift in Sources */ = {isa = PBXBuildFile; fileRef = FA1B4AE0255F8836002780B2 /* AppAssembler.swift */; };
		FA9F0BB2255E732D002FFBF9 /* AppDelegate.swift in Sources */ = {isa = PBXBuildFile; fileRef = FA9F0BB1255E732D002FFBF9 /* AppDelegate.swift */; };
		FA9F0BB4255E732D002FFBF9 /* SceneDelegate.swift in Sources */ = {isa = PBXBuildFile; fileRef = FA9F0BB3255E732D002FFBF9 /* SceneDelegate.swift */; };
		FA9F0BBB255E7330002FFBF9 /* Assets.xcassets in Resources */ = {isa = PBXBuildFile; fileRef = FA9F0BBA255E7330002FFBF9 /* Assets.xcassets */; };
		FA9F0BBE255E7330002FFBF9 /* LaunchScreen.storyboard in Resources */ = {isa = PBXBuildFile; fileRef = FA9F0BBC255E7330002FFBF9 /* LaunchScreen.storyboard */; };
/* End PBXBuildFile section */

/* Begin PBXFileReference section */
		1860137B256A051E0080316C /* LoginVM.swift */ = {isa = PBXFileReference; lastKnownFileType = sourcecode.swift; path = LoginVM.swift; sourceTree = "<group>"; };
		1860137E256A05270080316C /* LoginNavi.swift */ = {isa = PBXFileReference; lastKnownFileType = sourcecode.swift; path = LoginNavi.swift; sourceTree = "<group>"; };
		18601381256A05320080316C /* LoginAssembler.swift */ = {isa = PBXFileReference; lastKnownFileType = sourcecode.swift; path = LoginAssembler.swift; sourceTree = "<group>"; };
		1860138C256A6FB70080316C /* AuthenticationState.swift */ = {isa = PBXFileReference; lastKnownFileType = sourcecode.swift; path = AuthenticationState.swift; sourceTree = "<group>"; };
		18601391256A702A0080316C /* AuthenticationAction.swift */ = {isa = PBXFileReference; lastKnownFileType = sourcecode.swift; path = AuthenticationAction.swift; sourceTree = "<group>"; };
		18601397256A88B70080316C /* ThunkMiddleware.swift */ = {isa = PBXFileReference; lastKnownFileType = sourcecode.swift; path = ThunkMiddleware.swift; sourceTree = "<group>"; };
		186C210825603CC4008A3A91 /* Helper.swift */ = {isa = PBXFileReference; lastKnownFileType = sourcecode.swift; path = Helper.swift; sourceTree = "<group>"; };
		18895A8D256993F2003DFE79 /* GoogleService-Info.plist */ = {isa = PBXFileReference; fileEncoding = 4; lastKnownFileType = text.plist.xml; path = "GoogleService-Info.plist"; sourceTree = "<group>"; };
		18895AA72569FA94003DFE79 /* LoginVC.swift */ = {isa = PBXFileReference; lastKnownFileType = sourcecode.swift; path = LoginVC.swift; sourceTree = "<group>"; };
		18895AA82569FA94003DFE79 /* LoginVC.xib */ = {isa = PBXFileReference; lastKnownFileType = file.xib; path = LoginVC.xib; sourceTree = "<group>"; };
		18895AB72569FDB9003DFE79 /* AppState.swift */ = {isa = PBXFileReference; lastKnownFileType = sourcecode.swift; path = AppState.swift; sourceTree = "<group>"; };
		18C62310256ACBB900DC5863 /* AuthenticationStore.swift */ = {isa = PBXFileReference; lastKnownFileType = sourcecode.swift; path = AuthenticationStore.swift; sourceTree = "<group>"; };
		18C62313256AD02300DC5863 /* AuthenticationReducer.swift */ = {isa = PBXFileReference; lastKnownFileType = sourcecode.swift; path = AuthenticationReducer.swift; sourceTree = "<group>"; };
		18CCFAE8257295E40096AE24 /* MovieListCell.swift */ = {isa = PBXFileReference; lastKnownFileType = sourcecode.swift; path = MovieListCell.swift; sourceTree = "<group>"; };
		18CCFAE9257295E40096AE24 /* MovieListCell.xib */ = {isa = PBXFileReference; lastKnownFileType = file.xib; path = MovieListCell.xib; sourceTree = "<group>"; };
		18CCFAEE2572A0E40096AE24 /* UIImageView.swift */ = {isa = PBXFileReference; lastKnownFileType = sourcecode.swift; path = UIImageView.swift; sourceTree = "<group>"; };
		18CCFB082572BD040096AE24 /* String.swift */ = {isa = PBXFileReference; lastKnownFileType = sourcecode.swift; path = String.swift; sourceTree = "<group>"; };
		18CCFB0B2572BE460096AE24 /* UITableView.swift */ = {isa = PBXFileReference; lastKnownFileType = sourcecode.swift; path = UITableView.swift; sourceTree = "<group>"; };
		18CCFB0E2572BED60096AE24 /* NSObject.swift */ = {isa = PBXFileReference; lastKnownFileType = sourcecode.swift; path = NSObject.swift; sourceTree = "<group>"; };
		18CCFB1925734CB30096AE24 /* UIScrollView.swift */ = {isa = PBXFileReference; lastKnownFileType = sourcecode.swift; path = UIScrollView.swift; sourceTree = "<group>"; };
		18CCFB1D25734EA70096AE24 /* PullTableView.swift */ = {isa = PBXFileReference; lastKnownFileType = sourcecode.swift; path = PullTableView.swift; sourceTree = "<group>"; };
		C66DE11AC9F1BB982AAB8479 /* Pods-SwiftBase_art.release.xcconfig */ = {isa = PBXFileReference; includeInIndex = 1; lastKnownFileType = text.xcconfig; name = "Pods-SwiftBase_art.release.xcconfig"; path = "Target Support Files/Pods-SwiftBase_art/Pods-SwiftBase_art.release.xcconfig"; sourceTree = "<group>"; };
		E30F84E324EC3F24A1B4F9B2 /* Pods-SwiftBase_art.debug.xcconfig */ = {isa = PBXFileReference; includeInIndex = 1; lastKnownFileType = text.xcconfig; name = "Pods-SwiftBase_art.debug.xcconfig"; path = "Target Support Files/Pods-SwiftBase_art/Pods-SwiftBase_art.debug.xcconfig"; sourceTree = "<group>"; };
		EF09973225772085003EDE99 /* FilestackEndpoint.swift */ = {isa = PBXFileReference; lastKnownFileType = sourcecode.swift; path = FilestackEndpoint.swift; sourceTree = "<group>"; };
		EF099735257730A2003EDE99 /* FilestackService.swift */ = {isa = PBXFileReference; lastKnownFileType = sourcecode.swift; path = FilestackService.swift; sourceTree = "<group>"; };
		EF09973A257732C1003EDE99 /* FilestackUploadResult.swift */ = {isa = PBXFileReference; lastKnownFileType = sourcecode.swift; path = FilestackUploadResult.swift; sourceTree = "<group>"; };
		EF2AAC4B2575D85B0026549D /* URLSession.swift */ = {isa = PBXFileReference; lastKnownFileType = sourcecode.swift; path = URLSession.swift; sourceTree = "<group>"; };
		EF880E7E256D728800D1FBF6 /* MovieEndpoint.swift */ = {isa = PBXFileReference; lastKnownFileType = sourcecode.swift; path = MovieEndpoint.swift; sourceTree = "<group>"; };
		EF880E81256D771D00D1FBF6 /* MovieService.swift */ = {isa = PBXFileReference; lastKnownFileType = sourcecode.swift; path = MovieService.swift; sourceTree = "<group>"; };
		EF93139925763A6500225F3D /* ProfileVC.swift */ = {isa = PBXFileReference; lastKnownFileType = sourcecode.swift; path = ProfileVC.swift; sourceTree = "<group>"; };
		EF93139A25763A6500225F3D /* ProfileVC.xib */ = {isa = PBXFileReference; lastKnownFileType = file.xib; path = ProfileVC.xib; sourceTree = "<group>"; };
		EF93139E25763AAC00225F3D /* ProfileVM.swift */ = {isa = PBXFileReference; lastKnownFileType = sourcecode.swift; path = ProfileVM.swift; sourceTree = "<group>"; };
		EF9313A125763AB600225F3D /* ProfileNavi.swift */ = {isa = PBXFileReference; lastKnownFileType = sourcecode.swift; path = ProfileNavi.swift; sourceTree = "<group>"; };
		EF9313A425763AED00225F3D /* ProfileAssembler.swift */ = {isa = PBXFileReference; lastKnownFileType = sourcecode.swift; path = ProfileAssembler.swift; sourceTree = "<group>"; };
		EF9313A725764E0900225F3D /* UIImage.swift */ = {isa = PBXFileReference; lastKnownFileType = sourcecode.swift; path = UIImage.swift; sourceTree = "<group>"; };
		EF9F251E256BA8E9004B2E4A /* ScreenTransitionManager.swift */ = {isa = PBXFileReference; lastKnownFileType = sourcecode.swift; path = ScreenTransitionManager.swift; sourceTree = "<group>"; };
		EF9F2520256BBDEA004B2E4A /* Alert.swift */ = {isa = PBXFileReference; lastKnownFileType = sourcecode.swift; path = Alert.swift; sourceTree = "<group>"; };
		EF9F2525256CEFF0004B2E4A /* APIHelper.swift */ = {isa = PBXFileReference; lastKnownFileType = sourcecode.swift; path = APIHelper.swift; sourceTree = "<group>"; };
		EF9F2527256CF048004B2E4A /* APISession.swift */ = {isa = PBXFileReference; lastKnownFileType = sourcecode.swift; path = APISession.swift; sourceTree = "<group>"; };
		EFD4F067257626C9004C9744 /* TabbarVC.swift */ = {isa = PBXFileReference; lastKnownFileType = sourcecode.swift; path = TabbarVC.swift; sourceTree = "<group>"; };
		EFD4F06B2576275E004C9744 /* TabbarVM.swift */ = {isa = PBXFileReference; lastKnownFileType = sourcecode.swift; path = TabbarVM.swift; sourceTree = "<group>"; };
		EFD4F06E25762766004C9744 /* TabbarNavi.swift */ = {isa = PBXFileReference; lastKnownFileType = sourcecode.swift; path = TabbarNavi.swift; sourceTree = "<group>"; };
		EFD4F07125762771004C9744 /* TabbarAssembler.swift */ = {isa = PBXFileReference; lastKnownFileType = sourcecode.swift; path = TabbarAssembler.swift; sourceTree = "<group>"; };
		EFD5E838257106A7008EA541 /* HTTPStatusCode.swift */ = {isa = PBXFileReference; lastKnownFileType = sourcecode.swift; path = HTTPStatusCode.swift; sourceTree = "<group>"; };
		EFD5E83A257108DB008EA541 /* MovieModel.swift */ = {isa = PBXFileReference; lastKnownFileType = sourcecode.swift; path = MovieModel.swift; sourceTree = "<group>"; };
		EFD5E83E25710CD8008EA541 /* MovieListVM.swift */ = {isa = PBXFileReference; lastKnownFileType = sourcecode.swift; path = MovieListVM.swift; sourceTree = "<group>"; };
		EFD5E84025710CE4008EA541 /* MovieListNavi.swift */ = {isa = PBXFileReference; lastKnownFileType = sourcecode.swift; path = MovieListNavi.swift; sourceTree = "<group>"; };
		EFD5E84225710CF7008EA541 /* MovieListAssembler.swift */ = {isa = PBXFileReference; lastKnownFileType = sourcecode.swift; path = MovieListAssembler.swift; sourceTree = "<group>"; };
		EFD5E84425710D0D008EA541 /* MovieListVC.swift */ = {isa = PBXFileReference; lastKnownFileType = sourcecode.swift; path = MovieListVC.swift; sourceTree = "<group>"; };
		EFD5E84525710D0D008EA541 /* MovieListVC.xib */ = {isa = PBXFileReference; lastKnownFileType = file.xib; path = MovieListVC.xib; sourceTree = "<group>"; };
		F378DDCA874736900F974B6F /* Pods_SwiftBase_art.framework */ = {isa = PBXFileReference; explicitFileType = wrapper.framework; includeInIndex = 0; path = Pods_SwiftBase_art.framework; sourceTree = BUILT_PRODUCTS_DIR; };
		FA13FD10255E862500F3D9F1 /* BaseNC.swift */ = {isa = PBXFileReference; lastKnownFileType = sourcecode.swift; path = BaseNC.swift; sourceTree = "<group>"; };
		FA13FD17255E866700F3D9F1 /* BaseView.swift */ = {isa = PBXFileReference; lastKnownFileType = sourcecode.swift; path = BaseView.swift; sourceTree = "<group>"; };
		FA13FD1E255E8C9200F3D9F1 /* BaseVC.swift */ = {isa = PBXFileReference; lastKnownFileType = sourcecode.swift; path = BaseVC.swift; sourceTree = "<group>"; };
		FA1B4AD8255EED50002780B2 /* AppNavi.swift */ = {isa = PBXFileReference; lastKnownFileType = sourcecode.swift; path = AppNavi.swift; sourceTree = "<group>"; };
		FA1B4ADC255F81A9002780B2 /* Assembler.swift */ = {isa = PBXFileReference; lastKnownFileType = sourcecode.swift; path = Assembler.swift; sourceTree = "<group>"; };
		FA1B4ADE255F86B1002780B2 /* AppVM.swift */ = {isa = PBXFileReference; lastKnownFileType = sourcecode.swift; path = AppVM.swift; sourceTree = "<group>"; };
		FA1B4AE0255F8836002780B2 /* AppAssembler.swift */ = {isa = PBXFileReference; lastKnownFileType = sourcecode.swift; path = AppAssembler.swift; sourceTree = "<group>"; };
		FA9F0BAE255E732D002FFBF9 /* SwiftBase_art.app */ = {isa = PBXFileReference; explicitFileType = wrapper.application; includeInIndex = 0; path = SwiftBase_art.app; sourceTree = BUILT_PRODUCTS_DIR; };
		FA9F0BB1255E732D002FFBF9 /* AppDelegate.swift */ = {isa = PBXFileReference; lastKnownFileType = sourcecode.swift; path = AppDelegate.swift; sourceTree = "<group>"; };
		FA9F0BB3255E732D002FFBF9 /* SceneDelegate.swift */ = {isa = PBXFileReference; lastKnownFileType = sourcecode.swift; path = SceneDelegate.swift; sourceTree = "<group>"; };
		FA9F0BBA255E7330002FFBF9 /* Assets.xcassets */ = {isa = PBXFileReference; lastKnownFileType = folder.assetcatalog; path = Assets.xcassets; sourceTree = "<group>"; };
		FA9F0BBD255E7330002FFBF9 /* Base */ = {isa = PBXFileReference; lastKnownFileType = file.storyboard; name = Base; path = Base.lproj/LaunchScreen.storyboard; sourceTree = "<group>"; };
		FA9F0BBF255E7330002FFBF9 /* Info.plist */ = {isa = PBXFileReference; lastKnownFileType = text.plist.xml; path = Info.plist; sourceTree = "<group>"; };
/* End PBXFileReference section */

/* Begin PBXFrameworksBuildPhase section */
		FA9F0BAB255E732D002FFBF9 /* Frameworks */ = {
			isa = PBXFrameworksBuildPhase;
			buildActionMask = 2147483647;
			files = (
				787D5646CF3B33247AFFD5F7 /* Pods_SwiftBase_art.framework in Frameworks */,
			);
			runOnlyForDeploymentPostprocessing = 0;
		};
/* End PBXFrameworksBuildPhase section */

/* Begin PBXGroup section */
		1832E5BD25610463001575DC /* Model */ = {
			isa = PBXGroup;
			children = (
				EFD5E83A257108DB008EA541 /* MovieModel.swift */,
				EF09973A257732C1003EDE99 /* FilestackUploadResult.swift */,
			);
			path = Model;
			sourceTree = "<group>";
		};
		186C210725603CB8008A3A91 /* Helper */ = {
			isa = PBXGroup;
			children = (
				186C210825603CC4008A3A91 /* Helper.swift */,
				EF9F2520256BBDEA004B2E4A /* Alert.swift */,
			);
			path = Helper;
			sourceTree = "<group>";
		};
		186C210B25603CDA008A3A91 /* SupportFiles */ = {
			isa = PBXGroup;
			children = (
				18895A8D256993F2003DFE79 /* GoogleService-Info.plist */,
				FA9F0BBA255E7330002FFBF9 /* Assets.xcassets */,
				FA9F0BBC255E7330002FFBF9 /* LaunchScreen.storyboard */,
			);
			path = SupportFiles;
			sourceTree = "<group>";
		};
		186C210C25603CE8008A3A91 /* Target */ = {
			isa = PBXGroup;
			children = (
				FA9F0BBF255E7330002FFBF9 /* Info.plist */,
			);
			path = Target;
			sourceTree = "<group>";
		};
		18895AA62569FA7D003DFE79 /* Login */ = {
			isa = PBXGroup;
			children = (
				18895AA72569FA94003DFE79 /* LoginVC.swift */,
				18895AA82569FA94003DFE79 /* LoginVC.xib */,
				1860137B256A051E0080316C /* LoginVM.swift */,
				1860137E256A05270080316C /* LoginNavi.swift */,
				18601381256A05320080316C /* LoginAssembler.swift */,
			);
			path = Login;
			sourceTree = "<group>";
		};
		18895AAD2569FD62003DFE79 /* State */ = {
			isa = PBXGroup;
			children = (
				18895AB72569FDB9003DFE79 /* AppState.swift */,
				1860138C256A6FB70080316C /* AuthenticationState.swift */,
			);
			path = State;
			sourceTree = "<group>";
		};
		18895AAE2569FD67003DFE79 /* Middleware */ = {
			isa = PBXGroup;
			children = (
				18601397256A88B70080316C /* ThunkMiddleware.swift */,
			);
			path = Middleware;
			sourceTree = "<group>";
		};
		18895AAF2569FD6F003DFE79 /* Reducer */ = {
			isa = PBXGroup;
			children = (
				18C62313256AD02300DC5863 /* AuthenticationReducer.swift */,
			);
			path = Reducer;
			sourceTree = "<group>";
		};
		18895AB02569FD74003DFE79 /* Action */ = {
			isa = PBXGroup;
			children = (
				18601391256A702A0080316C /* AuthenticationAction.swift */,
			);
			path = Action;
			sourceTree = "<group>";
		};
		18895AB22569FD97003DFE79 /* Store */ = {
			isa = PBXGroup;
			children = (
				18C62310256ACBB900DC5863 /* AuthenticationStore.swift */,
			);
			path = Store;
			sourceTree = "<group>";
		};
		18895AC82569FF9D003DFE79 /* Redux */ = {
			isa = PBXGroup;
			children = (
				18895AB22569FD97003DFE79 /* Store */,
				18895AB02569FD74003DFE79 /* Action */,
				18895AAF2569FD6F003DFE79 /* Reducer */,
				18895AAE2569FD67003DFE79 /* Middleware */,
				18895AAD2569FD62003DFE79 /* State */,
			);
			path = Redux;
			sourceTree = "<group>";
		};
		18CCFAE7257295C70096AE24 /* Cells */ = {
			isa = PBXGroup;
			children = (
				18CCFAE8257295E40096AE24 /* MovieListCell.swift */,
				18CCFAE9257295E40096AE24 /* MovieListCell.xib */,
			);
			path = Cells;
			sourceTree = "<group>";
		};
		18CCFAED2572A0D10096AE24 /* Extension */ = {
			isa = PBXGroup;
			children = (
				18CCFAEE2572A0E40096AE24 /* UIImageView.swift */,
				18CCFB082572BD040096AE24 /* String.swift */,
				18CCFB0B2572BE460096AE24 /* UITableView.swift */,
				18CCFB0E2572BED60096AE24 /* NSObject.swift */,
				18CCFB1925734CB30096AE24 /* UIScrollView.swift */,
				EF2AAC4B2575D85B0026549D /* URLSession.swift */,
				EF9313A725764E0900225F3D /* UIImage.swift */,
			);
			path = Extension;
			sourceTree = "<group>";
		};
		18CCFB1C25734E8F0096AE24 /* CustomViews */ = {
			isa = PBXGroup;
			children = (
				18CCFB1D25734EA70096AE24 /* PullTableView.swift */,
			);
			path = CustomViews;
			sourceTree = "<group>";
		};
		55F0B37A4729E67749124CBE /* Pods */ = {
			isa = PBXGroup;
			children = (
				E30F84E324EC3F24A1B4F9B2 /* Pods-SwiftBase_art.debug.xcconfig */,
				C66DE11AC9F1BB982AAB8479 /* Pods-SwiftBase_art.release.xcconfig */,
			);
			path = Pods;
			sourceTree = "<group>";
		};
		5868F35F366700B74D402C00 /* Frameworks */ = {
			isa = PBXGroup;
			children = (
				F378DDCA874736900F974B6F /* Pods_SwiftBase_art.framework */,
			);
			name = Frameworks;
			sourceTree = "<group>";
		};
		EF880E7D256D708500D1FBF6 /* Endpoint */ = {
			isa = PBXGroup;
			children = (
				EF880E7E256D728800D1FBF6 /* MovieEndpoint.swift */,
				EF09973225772085003EDE99 /* FilestackEndpoint.swift */,
			);
			path = Endpoint;
			sourceTree = "<group>";
		};
		EF880E80256D761900D1FBF6 /* Service */ = {
			isa = PBXGroup;
			children = (
				EF880E81256D771D00D1FBF6 /* MovieService.swift */,
				EF099735257730A2003EDE99 /* FilestackService.swift */,
			);
			path = Service;
			sourceTree = "<group>";
		};
		EF93139825763A2F00225F3D /* Profile */ = {
			isa = PBXGroup;
			children = (
				EF93139925763A6500225F3D /* ProfileVC.swift */,
				EF93139A25763A6500225F3D /* ProfileVC.xib */,
				EF93139E25763AAC00225F3D /* ProfileVM.swift */,
				EF9313A125763AB600225F3D /* ProfileNavi.swift */,
				EF9313A425763AED00225F3D /* ProfileAssembler.swift */,
			);
			path = Profile;
			sourceTree = "<group>";
		};
		EF9F2524256CEF90004B2E4A /* API */ = {
			isa = PBXGroup;
			children = (
				EF9F2525256CEFF0004B2E4A /* APIHelper.swift */,
				EF9F2527256CF048004B2E4A /* APISession.swift */,
				EFD5E838257106A7008EA541 /* HTTPStatusCode.swift */,
				EF880E7D256D708500D1FBF6 /* Endpoint */,
				EF880E80256D761900D1FBF6 /* Service */,
			);
			path = API;
			sourceTree = "<group>";
		};
		EFD4F066257626BB004C9744 /* Tabbar */ = {
			isa = PBXGroup;
			children = (
				EFD4F067257626C9004C9744 /* TabbarVC.swift */,
				EFD4F06B2576275E004C9744 /* TabbarVM.swift */,
				EFD4F06E25762766004C9744 /* TabbarNavi.swift */,
				EFD4F07125762771004C9744 /* TabbarAssembler.swift */,
			);
			path = Tabbar;
			sourceTree = "<group>";
		};
		EFD5E83D25710BB0008EA541 /* MovieList */ = {
			isa = PBXGroup;
			children = (
				18CCFAE7257295C70096AE24 /* Cells */,
				EFD5E84425710D0D008EA541 /* MovieListVC.swift */,
				EFD5E84525710D0D008EA541 /* MovieListVC.xib */,
				EFD5E83E25710CD8008EA541 /* MovieListVM.swift */,
				EFD5E84025710CE4008EA541 /* MovieListNavi.swift */,
				EFD5E84225710CF7008EA541 /* MovieListAssembler.swift */,
			);
			path = MovieList;
			sourceTree = "<group>";
		};
		FA13FD0F255E85C500F3D9F1 /* App */ = {
			isa = PBXGroup;
			children = (
				FA1B4AD8255EED50002780B2 /* AppNavi.swift */,
				FA1B4ADE255F86B1002780B2 /* AppVM.swift */,
				FA1B4AE0255F8836002780B2 /* AppAssembler.swift */,
			);
			path = App;
			sourceTree = "<group>";
		};
		FA13FD16255E866100F3D9F1 /* Base */ = {
			isa = PBXGroup;
			children = (
				FA13FD10255E862500F3D9F1 /* BaseNC.swift */,
				FA13FD17255E866700F3D9F1 /* BaseView.swift */,
				FA13FD1E255E8C9200F3D9F1 /* BaseVC.swift */,
			);
			path = Base;
			sourceTree = "<group>";
		};
		FA1B4AEE255FA565002780B2 /* Scenes */ = {
			isa = PBXGroup;
			children = (
				18895AA62569FA7D003DFE79 /* Login */,
				EFD4F066257626BB004C9744 /* Tabbar */,
				EFD5E83D25710BB0008EA541 /* MovieList */,
				EF93139825763A2F00225F3D /* Profile */,
			);
			path = Scenes;
			sourceTree = "<group>";
		};
		FA9F0BA5255E732D002FFBF9 = {
			isa = PBXGroup;
			children = (
				FA9F0BB0255E732D002FFBF9 /* SwiftBase_art */,
				FA9F0BAF255E732D002FFBF9 /* Products */,
				55F0B37A4729E67749124CBE /* Pods */,
				5868F35F366700B74D402C00 /* Frameworks */,
			);
			sourceTree = "<group>";
		};
		FA9F0BAF255E732D002FFBF9 /* Products */ = {
			isa = PBXGroup;
			children = (
				FA9F0BAE255E732D002FFBF9 /* SwiftBase_art.app */,
			);
			name = Products;
			sourceTree = "<group>";
		};
		FA9F0BB0255E732D002FFBF9 /* SwiftBase_art */ = {
			isa = PBXGroup;
			children = (
				FA9F0BB1255E732D002FFBF9 /* AppDelegate.swift */,
				FA9F0BB3255E732D002FFBF9 /* SceneDelegate.swift */,
				FA1B4ADC255F81A9002780B2 /* Assembler.swift */,
				EF9F251E256BA8E9004B2E4A /* ScreenTransitionManager.swift */,
				FA13FD16255E866100F3D9F1 /* Base */,
				FA13FD0F255E85C500F3D9F1 /* App */,
				FA1B4AEE255FA565002780B2 /* Scenes */,
				18895AC82569FF9D003DFE79 /* Redux */,
				1832E5BD25610463001575DC /* Model */,
				186C210725603CB8008A3A91 /* Helper */,
				186C210B25603CDA008A3A91 /* SupportFiles */,
				186C210C25603CE8008A3A91 /* Target */,
				EF9F2524256CEF90004B2E4A /* API */,
				18CCFAED2572A0D10096AE24 /* Extension */,
				18CCFB1C25734E8F0096AE24 /* CustomViews */,
			);
			path = SwiftBase_art;
			sourceTree = "<group>";
		};
/* End PBXGroup section */

/* Begin PBXNativeTarget section */
		FA9F0BAD255E732D002FFBF9 /* SwiftBase_art */ = {
			isa = PBXNativeTarget;
			buildConfigurationList = FA9F0BC2255E7330002FFBF9 /* Build configuration list for PBXNativeTarget "SwiftBase_art" */;
			buildPhases = (
				66019F16B5F17CE31023440F /* [CP] Check Pods Manifest.lock */,
				FA9F0BAA255E732D002FFBF9 /* Sources */,
				FA9F0BAB255E732D002FFBF9 /* Frameworks */,
				FA9F0BAC255E732D002FFBF9 /* Resources */,
				0BF9E86D280D7066D53268D8 /* [CP] Embed Pods Frameworks */,
			);
			buildRules = (
			);
			dependencies = (
			);
			name = SwiftBase_art;
			productName = SwiftBase_art;
			productReference = FA9F0BAE255E732D002FFBF9 /* SwiftBase_art.app */;
			productType = "com.apple.product-type.application";
		};
/* End PBXNativeTarget section */

/* Begin PBXProject section */
		FA9F0BA6255E732D002FFBF9 /* Project object */ = {
			isa = PBXProject;
			attributes = {
				LastSwiftUpdateCheck = 1150;
				LastUpgradeCheck = 1150;
				ORGANIZATIONNAME = MacBook;
				TargetAttributes = {
					FA9F0BAD255E732D002FFBF9 = {
						CreatedOnToolsVersion = 11.5;
					};
				};
			};
			buildConfigurationList = FA9F0BA9255E732D002FFBF9 /* Build configuration list for PBXProject "SwiftBase_art" */;
			compatibilityVersion = "Xcode 9.3";
			developmentRegion = en;
			hasScannedForEncodings = 0;
			knownRegions = (
				en,
				Base,
			);
			mainGroup = FA9F0BA5255E732D002FFBF9;
			productRefGroup = FA9F0BAF255E732D002FFBF9 /* Products */;
			projectDirPath = "";
			projectRoot = "";
			targets = (
				FA9F0BAD255E732D002FFBF9 /* SwiftBase_art */,
			);
		};
/* End PBXProject section */

/* Begin PBXResourcesBuildPhase section */
		FA9F0BAC255E732D002FFBF9 /* Resources */ = {
			isa = PBXResourcesBuildPhase;
			buildActionMask = 2147483647;
			files = (
				EFD5E84725710D0D008EA541 /* MovieListVC.xib in Resources */,
				FA9F0BBE255E7330002FFBF9 /* LaunchScreen.storyboard in Resources */,
				FA9F0BBB255E7330002FFBF9 /* Assets.xcassets in Resources */,
				18895AAA2569FA94003DFE79 /* LoginVC.xib in Resources */,
				EF93139C25763A6500225F3D /* ProfileVC.xib in Resources */,
				18CCFAEB257295E40096AE24 /* MovieListCell.xib in Resources */,
				18895A8E256993F2003DFE79 /* GoogleService-Info.plist in Resources */,
			);
			runOnlyForDeploymentPostprocessing = 0;
		};
/* End PBXResourcesBuildPhase section */

/* Begin PBXShellScriptBuildPhase section */
		0BF9E86D280D7066D53268D8 /* [CP] Embed Pods Frameworks */ = {
			isa = PBXShellScriptBuildPhase;
			buildActionMask = 2147483647;
			files = (
			);
			inputFileListPaths = (
				"${PODS_ROOT}/Target Support Files/Pods-SwiftBase_art/Pods-SwiftBase_art-frameworks-${CONFIGURATION}-input-files.xcfilelist",
			);
			name = "[CP] Embed Pods Frameworks";
			outputFileListPaths = (
				"${PODS_ROOT}/Target Support Files/Pods-SwiftBase_art/Pods-SwiftBase_art-frameworks-${CONFIGURATION}-output-files.xcfilelist",
			);
			runOnlyForDeploymentPostprocessing = 0;
			shellPath = /bin/sh;
			shellScript = "\"${PODS_ROOT}/Target Support Files/Pods-SwiftBase_art/Pods-SwiftBase_art-frameworks.sh\"\n";
			showEnvVarsInLog = 0;
		};
		66019F16B5F17CE31023440F /* [CP] Check Pods Manifest.lock */ = {
			isa = PBXShellScriptBuildPhase;
			buildActionMask = 2147483647;
			files = (
			);
			inputFileListPaths = (
			);
			inputPaths = (
				"${PODS_PODFILE_DIR_PATH}/Podfile.lock",
				"${PODS_ROOT}/Manifest.lock",
			);
			name = "[CP] Check Pods Manifest.lock";
			outputFileListPaths = (
			);
			outputPaths = (
				"$(DERIVED_FILE_DIR)/Pods-SwiftBase_art-checkManifestLockResult.txt",
			);
			runOnlyForDeploymentPostprocessing = 0;
			shellPath = /bin/sh;
			shellScript = "diff \"${PODS_PODFILE_DIR_PATH}/Podfile.lock\" \"${PODS_ROOT}/Manifest.lock\" > /dev/null\nif [ $? != 0 ] ; then\n    # print error to STDERR\n    echo \"error: The sandbox is not in sync with the Podfile.lock. Run 'pod install' or update your CocoaPods installation.\" >&2\n    exit 1\nfi\n# This output is used by Xcode 'outputs' to avoid re-running this script phase.\necho \"SUCCESS\" > \"${SCRIPT_OUTPUT_FILE_0}\"\n";
			showEnvVarsInLog = 0;
		};
/* End PBXShellScriptBuildPhase section */

/* Begin PBXSourcesBuildPhase section */
		FA9F0BAA255E732D002FFBF9 /* Sources */ = {
			isa = PBXSourcesBuildPhase;
			buildActionMask = 2147483647;
			files = (
				18CCFB092572BD040096AE24 /* String.swift in Sources */,
				EF09973325772085003EDE99 /* FilestackEndpoint.swift in Sources */,
				EFD5E839257106A7008EA541 /* HTTPStatusCode.swift in Sources */,
				EFD4F06F25762766004C9744 /* TabbarNavi.swift in Sources */,
				18895AA92569FA94003DFE79 /* LoginVC.swift in Sources */,
				EF9313A525763AED00225F3D /* ProfileAssembler.swift in Sources */,
				EFD5E84125710CE4008EA541 /* MovieListNavi.swift in Sources */,
				EF9313A825764E0900225F3D /* UIImage.swift in Sources */,
				EF9F2521256BBDEA004B2E4A /* Alert.swift in Sources */,
				EF099736257730A2003EDE99 /* FilestackService.swift in Sources */,
				18CCFB1A25734CB30096AE24 /* UIScrollView.swift in Sources */,
				FA1B4AE1255F8836002780B2 /* AppAssembler.swift in Sources */,
				EFD4F07225762771004C9744 /* TabbarAssembler.swift in Sources */,
				EFD5E83F25710CD8008EA541 /* MovieListVM.swift in Sources */,
				EF2AAC4C2575D85B0026549D /* URLSession.swift in Sources */,
				18895AB82569FDB9003DFE79 /* AppState.swift in Sources */,
				EF9F2526256CEFF0004B2E4A /* APIHelper.swift in Sources */,
				FA9F0BB2255E732D002FFBF9 /* AppDelegate.swift in Sources */,
				FA1B4ADF255F86B1002780B2 /* AppVM.swift in Sources */,
				EF9F2528256CF048004B2E4A /* APISession.swift in Sources */,
				EF93139B25763A6500225F3D /* ProfileVC.swift in Sources */,
				1860137C256A051E0080316C /* LoginVM.swift in Sources */,
				18CCFB1E25734EA70096AE24 /* PullTableView.swift in Sources */,
				18C62314256AD02300DC5863 /* AuthenticationReducer.swift in Sources */,
				FA1B4AD9255EED50002780B2 /* AppNavi.swift in Sources */,
				18CCFAEA257295E40096AE24 /* MovieListCell.swift in Sources */,
				186C210925603CC4008A3A91 /* Helper.swift in Sources */,
				FA1B4ADD255F81A9002780B2 /* Assembler.swift in Sources */,
				EF09973B257732C1003EDE99 /* FilestackUploadResult.swift in Sources */,
				1860137F256A05270080316C /* LoginNavi.swift in Sources */,
				18CCFAEF2572A0E40096AE24 /* UIImageView.swift in Sources */,
				18601382256A05320080316C /* LoginAssembler.swift in Sources */,
				FA13FD18255E866700F3D9F1 /* BaseView.swift in Sources */,
				18CCFB0C2572BE460096AE24 /* UITableView.swift in Sources */,
				EF9313A225763AB600225F3D /* ProfileNavi.swift in Sources */,
				FA9F0BB4255E732D002FFBF9 /* SceneDelegate.swift in Sources */,
				18601398256A88B70080316C /* ThunkMiddleware.swift in Sources */,
				EFD4F068257626C9004C9744 /* TabbarVC.swift in Sources */,
				FA13FD11255E862500F3D9F1 /* BaseNC.swift in Sources */,
				EFD4F06C2576275E004C9744 /* TabbarVM.swift in Sources */,
				18601392256A702A0080316C /* AuthenticationAction.swift in Sources */,
				EFD5E84325710CF7008EA541 /* MovieListAssembler.swift in Sources */,
				FA13FD1F255E8C9200F3D9F1 /* BaseVC.swift in Sources */,
				EF9F251F256BA8E9004B2E4A /* ScreenTransitionManager.swift in Sources */,
				EF880E82256D771D00D1FBF6 /* MovieService.swift in Sources */,
				18C62311256ACBB900DC5863 /* AuthenticationStore.swift in Sources */,
				EFD5E84625710D0D008EA541 /* MovieListVC.swift in Sources */,
				1860138D256A6FB70080316C /* AuthenticationState.swift in Sources */,
				18CCFB0F2572BED60096AE24 /* NSObject.swift in Sources */,
				EF880E7F256D728800D1FBF6 /* MovieEndpoint.swift in Sources */,
				EF93139F25763AAC00225F3D /* ProfileVM.swift in Sources */,
				EFD5E83B257108DB008EA541 /* MovieModel.swift in Sources */,
			);
			runOnlyForDeploymentPostprocessing = 0;
		};
/* End PBXSourcesBuildPhase section */

/* Begin PBXVariantGroup section */
		FA9F0BBC255E7330002FFBF9 /* LaunchScreen.storyboard */ = {
			isa = PBXVariantGroup;
			children = (
				FA9F0BBD255E7330002FFBF9 /* Base */,
			);
			name = LaunchScreen.storyboard;
			sourceTree = "<group>";
		};
/* End PBXVariantGroup section */

/* Begin XCBuildConfiguration section */
		FA9F0BC0255E7330002FFBF9 /* Debug */ = {
			isa = XCBuildConfiguration;
			buildSettings = {
				ALWAYS_SEARCH_USER_PATHS = NO;
				CLANG_ANALYZER_NONNULL = YES;
				CLANG_ANALYZER_NUMBER_OBJECT_CONVERSION = YES_AGGRESSIVE;
				CLANG_CXX_LANGUAGE_STANDARD = "gnu++14";
				CLANG_CXX_LIBRARY = "libc++";
				CLANG_ENABLE_MODULES = YES;
				CLANG_ENABLE_OBJC_ARC = YES;
				CLANG_ENABLE_OBJC_WEAK = YES;
				CLANG_WARN_BLOCK_CAPTURE_AUTORELEASING = YES;
				CLANG_WARN_BOOL_CONVERSION = YES;
				CLANG_WARN_COMMA = YES;
				CLANG_WARN_CONSTANT_CONVERSION = YES;
				CLANG_WARN_DEPRECATED_OBJC_IMPLEMENTATIONS = YES;
				CLANG_WARN_DIRECT_OBJC_ISA_USAGE = YES_ERROR;
				CLANG_WARN_DOCUMENTATION_COMMENTS = YES;
				CLANG_WARN_EMPTY_BODY = YES;
				CLANG_WARN_ENUM_CONVERSION = YES;
				CLANG_WARN_INFINITE_RECURSION = YES;
				CLANG_WARN_INT_CONVERSION = YES;
				CLANG_WARN_NON_LITERAL_NULL_CONVERSION = YES;
				CLANG_WARN_OBJC_IMPLICIT_RETAIN_SELF = YES;
				CLANG_WARN_OBJC_LITERAL_CONVERSION = YES;
				CLANG_WARN_OBJC_ROOT_CLASS = YES_ERROR;
				CLANG_WARN_RANGE_LOOP_ANALYSIS = YES;
				CLANG_WARN_STRICT_PROTOTYPES = YES;
				CLANG_WARN_SUSPICIOUS_MOVE = YES;
				CLANG_WARN_UNGUARDED_AVAILABILITY = YES_AGGRESSIVE;
				CLANG_WARN_UNREACHABLE_CODE = YES;
				CLANG_WARN__DUPLICATE_METHOD_MATCH = YES;
				COPY_PHASE_STRIP = NO;
				DEBUG_INFORMATION_FORMAT = dwarf;
				ENABLE_STRICT_OBJC_MSGSEND = YES;
				ENABLE_TESTABILITY = YES;
				GCC_C_LANGUAGE_STANDARD = gnu11;
				GCC_DYNAMIC_NO_PIC = NO;
				GCC_NO_COMMON_BLOCKS = YES;
				GCC_OPTIMIZATION_LEVEL = 0;
				GCC_PREPROCESSOR_DEFINITIONS = (
					"DEBUG=1",
					"$(inherited)",
				);
				GCC_WARN_64_TO_32_BIT_CONVERSION = YES;
				GCC_WARN_ABOUT_RETURN_TYPE = YES_ERROR;
				GCC_WARN_UNDECLARED_SELECTOR = YES;
				GCC_WARN_UNINITIALIZED_AUTOS = YES_AGGRESSIVE;
				GCC_WARN_UNUSED_FUNCTION = YES;
				GCC_WARN_UNUSED_VARIABLE = YES;
				IPHONEOS_DEPLOYMENT_TARGET = 13.0;
				MTL_ENABLE_DEBUG_INFO = INCLUDE_SOURCE;
				MTL_FAST_MATH = YES;
				ONLY_ACTIVE_ARCH = YES;
				SDKROOT = iphoneos;
				SWIFT_ACTIVE_COMPILATION_CONDITIONS = DEBUG;
				SWIFT_OPTIMIZATION_LEVEL = "-Onone";
			};
			name = Debug;
		};
		FA9F0BC1255E7330002FFBF9 /* Release */ = {
			isa = XCBuildConfiguration;
			buildSettings = {
				ALWAYS_SEARCH_USER_PATHS = NO;
				CLANG_ANALYZER_NONNULL = YES;
				CLANG_ANALYZER_NUMBER_OBJECT_CONVERSION = YES_AGGRESSIVE;
				CLANG_CXX_LANGUAGE_STANDARD = "gnu++14";
				CLANG_CXX_LIBRARY = "libc++";
				CLANG_ENABLE_MODULES = YES;
				CLANG_ENABLE_OBJC_ARC = YES;
				CLANG_ENABLE_OBJC_WEAK = YES;
				CLANG_WARN_BLOCK_CAPTURE_AUTORELEASING = YES;
				CLANG_WARN_BOOL_CONVERSION = YES;
				CLANG_WARN_COMMA = YES;
				CLANG_WARN_CONSTANT_CONVERSION = YES;
				CLANG_WARN_DEPRECATED_OBJC_IMPLEMENTATIONS = YES;
				CLANG_WARN_DIRECT_OBJC_ISA_USAGE = YES_ERROR;
				CLANG_WARN_DOCUMENTATION_COMMENTS = YES;
				CLANG_WARN_EMPTY_BODY = YES;
				CLANG_WARN_ENUM_CONVERSION = YES;
				CLANG_WARN_INFINITE_RECURSION = YES;
				CLANG_WARN_INT_CONVERSION = YES;
				CLANG_WARN_NON_LITERAL_NULL_CONVERSION = YES;
				CLANG_WARN_OBJC_IMPLICIT_RETAIN_SELF = YES;
				CLANG_WARN_OBJC_LITERAL_CONVERSION = YES;
				CLANG_WARN_OBJC_ROOT_CLASS = YES_ERROR;
				CLANG_WARN_RANGE_LOOP_ANALYSIS = YES;
				CLANG_WARN_STRICT_PROTOTYPES = YES;
				CLANG_WARN_SUSPICIOUS_MOVE = YES;
				CLANG_WARN_UNGUARDED_AVAILABILITY = YES_AGGRESSIVE;
				CLANG_WARN_UNREACHABLE_CODE = YES;
				CLANG_WARN__DUPLICATE_METHOD_MATCH = YES;
				COPY_PHASE_STRIP = NO;
				DEBUG_INFORMATION_FORMAT = "dwarf-with-dsym";
				ENABLE_NS_ASSERTIONS = NO;
				ENABLE_STRICT_OBJC_MSGSEND = YES;
				GCC_C_LANGUAGE_STANDARD = gnu11;
				GCC_NO_COMMON_BLOCKS = YES;
				GCC_WARN_64_TO_32_BIT_CONVERSION = YES;
				GCC_WARN_ABOUT_RETURN_TYPE = YES_ERROR;
				GCC_WARN_UNDECLARED_SELECTOR = YES;
				GCC_WARN_UNINITIALIZED_AUTOS = YES_AGGRESSIVE;
				GCC_WARN_UNUSED_FUNCTION = YES;
				GCC_WARN_UNUSED_VARIABLE = YES;
				IPHONEOS_DEPLOYMENT_TARGET = 13.0;
				MTL_ENABLE_DEBUG_INFO = NO;
				MTL_FAST_MATH = YES;
				SDKROOT = iphoneos;
				SWIFT_COMPILATION_MODE = wholemodule;
				SWIFT_OPTIMIZATION_LEVEL = "-O";
				VALIDATE_PRODUCT = YES;
			};
			name = Release;
		};
		FA9F0BC3255E7330002FFBF9 /* Debug */ = {
			isa = XCBuildConfiguration;
			baseConfigurationReference = E30F84E324EC3F24A1B4F9B2 /* Pods-SwiftBase_art.debug.xcconfig */;
			buildSettings = {
				ASSETCATALOG_COMPILER_APPICON_NAME = AppIcon;
				CODE_SIGN_STYLE = Automatic;
				DEVELOPMENT_TEAM = UR27825ZQ4;
				INFOPLIST_FILE = "$(SRCROOT)/SwiftBase_art/Target/Info.plist";
				LD_RUNPATH_SEARCH_PATHS = (
					"$(inherited)",
					"@executable_path/Frameworks",
				);
				PRODUCT_BUNDLE_IDENTIFIER = "com.SwiftBase-art";
				PRODUCT_NAME = "$(TARGET_NAME)";
				SWIFT_VERSION = 4.2;
				TARGETED_DEVICE_FAMILY = "1,2";
			};
			name = Debug;
		};
		FA9F0BC4255E7330002FFBF9 /* Release */ = {
			isa = XCBuildConfiguration;
			baseConfigurationReference = C66DE11AC9F1BB982AAB8479 /* Pods-SwiftBase_art.release.xcconfig */;
			buildSettings = {
				ASSETCATALOG_COMPILER_APPICON_NAME = AppIcon;
				CODE_SIGN_STYLE = Automatic;
				DEVELOPMENT_TEAM = UR27825ZQ4;
				INFOPLIST_FILE = "$(SRCROOT)/SwiftBase_art/Target/Info.plist";
				LD_RUNPATH_SEARCH_PATHS = (
					"$(inherited)",
					"@executable_path/Frameworks",
				);
				PRODUCT_BUNDLE_IDENTIFIER = "com.SwiftBase-art";
				PRODUCT_NAME = "$(TARGET_NAME)";
				SWIFT_VERSION = 4.2;
				TARGETED_DEVICE_FAMILY = "1,2";
			};
			name = Release;
		};
/* End XCBuildConfiguration section */

/* Begin XCConfigurationList section */
		FA9F0BA9255E732D002FFBF9 /* Build configuration list for PBXProject "SwiftBase_art" */ = {
			isa = XCConfigurationList;
			buildConfigurations = (
				FA9F0BC0255E7330002FFBF9 /* Debug */,
				FA9F0BC1255E7330002FFBF9 /* Release */,
			);
			defaultConfigurationIsVisible = 0;
			defaultConfigurationName = Release;
		};
		FA9F0BC2255E7330002FFBF9 /* Build configuration list for PBXNativeTarget "SwiftBase_art" */ = {
			isa = XCConfigurationList;
			buildConfigurations = (
				FA9F0BC3255E7330002FFBF9 /* Debug */,
				FA9F0BC4255E7330002FFBF9 /* Release */,
			);
			defaultConfigurationIsVisible = 0;
			defaultConfigurationName = Release;
		};
/* End XCConfigurationList section */
	};
	rootObject = FA9F0BA6255E732D002FFBF9 /* Project object */;
}
