// !$*UTF8*$!
{
	archiveVersion = 1;
	classes = {
	};
	objectVersion = 51;
	objects = {

/* Begin PBXBuildFile section */
		787D5646CF3B33247AFFD5F7 /* Pods_SwiftBase_art.framework in Frameworks */ = {isa = PBXBuildFile; fileRef = F378DDCA874736900F974B6F /* Pods_SwiftBase_art.framework */; };
		FA13FD11255E862500F3D9F1 /* BaseNC.swift in Sources */ = {isa = PBXBuildFile; fileRef = FA13FD10255E862500F3D9F1 /* BaseNC.swift */; };
		FA13FD15255E865800F3D9F1 /* HomeView.swift in Sources */ = {isa = PBXBuildFile; fileRef = FA13FD14255E865800F3D9F1 /* HomeView.swift */; };
		FA13FD18255E866700F3D9F1 /* BaseView.swift in Sources */ = {isa = PBXBuildFile; fileRef = FA13FD17255E866700F3D9F1 /* BaseView.swift */; };
		FA13FD1B255E8BA300F3D9F1 /* ListVC.swift in Sources */ = {isa = PBXBuildFile; fileRef = FA13FD1A255E8BA300F3D9F1 /* ListVC.swift */; };
		FA13FD1D255E8BA900F3D9F1 /* ListView.swift in Sources */ = {isa = PBXBuildFile; fileRef = FA13FD1C255E8BA900F3D9F1 /* ListView.swift */; };
		FA13FD1F255E8C9200F3D9F1 /* BaseVC.swift in Sources */ = {isa = PBXBuildFile; fileRef = FA13FD1E255E8C9200F3D9F1 /* BaseVC.swift */; };
		FA13FD21255E96F300F3D9F1 /* HomeVM.swift in Sources */ = {isa = PBXBuildFile; fileRef = FA13FD20255E96F300F3D9F1 /* HomeVM.swift */; };
		FA13FD23255E96FF00F3D9F1 /* ListVM.swift in Sources */ = {isa = PBXBuildFile; fileRef = FA13FD22255E96FF00F3D9F1 /* ListVM.swift */; };
		FA13FD25255E970800F3D9F1 /* HomeCoordinator.swift in Sources */ = {isa = PBXBuildFile; fileRef = FA13FD24255E970800F3D9F1 /* HomeCoordinator.swift */; };
		FA13FD27255E971200F3D9F1 /* ListCoordinator.swift in Sources */ = {isa = PBXBuildFile; fileRef = FA13FD26255E971200F3D9F1 /* ListCoordinator.swift */; };
		FA13FD29255E972E00F3D9F1 /* AppCoordinator.swift in Sources */ = {isa = PBXBuildFile; fileRef = FA13FD28255E972E00F3D9F1 /* AppCoordinator.swift */; };
		FA9F0BB2255E732D002FFBF9 /* AppDelegate.swift in Sources */ = {isa = PBXBuildFile; fileRef = FA9F0BB1255E732D002FFBF9 /* AppDelegate.swift */; };
		FA9F0BB4255E732D002FFBF9 /* SceneDelegate.swift in Sources */ = {isa = PBXBuildFile; fileRef = FA9F0BB3255E732D002FFBF9 /* SceneDelegate.swift */; };
		FA9F0BB6255E732D002FFBF9 /* HomeVC.swift in Sources */ = {isa = PBXBuildFile; fileRef = FA9F0BB5255E732D002FFBF9 /* HomeVC.swift */; };
		FA9F0BBB255E7330002FFBF9 /* Assets.xcassets in Resources */ = {isa = PBXBuildFile; fileRef = FA9F0BBA255E7330002FFBF9 /* Assets.xcassets */; };
		FA9F0BBE255E7330002FFBF9 /* LaunchScreen.storyboard in Resources */ = {isa = PBXBuildFile; fileRef = FA9F0BBC255E7330002FFBF9 /* LaunchScreen.storyboard */; };
/* End PBXBuildFile section */

/* Begin PBXFileReference section */
		C66DE11AC9F1BB982AAB8479 /* Pods-SwiftBase_art.release.xcconfig */ = {isa = PBXFileReference; includeInIndex = 1; lastKnownFileType = text.xcconfig; name = "Pods-SwiftBase_art.release.xcconfig"; path = "Target Support Files/Pods-SwiftBase_art/Pods-SwiftBase_art.release.xcconfig"; sourceTree = "<group>"; };
		E30F84E324EC3F24A1B4F9B2 /* Pods-SwiftBase_art.debug.xcconfig */ = {isa = PBXFileReference; includeInIndex = 1; lastKnownFileType = text.xcconfig; name = "Pods-SwiftBase_art.debug.xcconfig"; path = "Target Support Files/Pods-SwiftBase_art/Pods-SwiftBase_art.debug.xcconfig"; sourceTree = "<group>"; };
		F378DDCA874736900F974B6F /* Pods_SwiftBase_art.framework */ = {isa = PBXFileReference; explicitFileType = wrapper.framework; includeInIndex = 0; path = Pods_SwiftBase_art.framework; sourceTree = BUILT_PRODUCTS_DIR; };
		FA13FD10255E862500F3D9F1 /* BaseNC.swift */ = {isa = PBXFileReference; lastKnownFileType = sourcecode.swift; path = BaseNC.swift; sourceTree = "<group>"; };
		FA13FD14255E865800F3D9F1 /* HomeView.swift */ = {isa = PBXFileReference; lastKnownFileType = sourcecode.swift; path = HomeView.swift; sourceTree = "<group>"; };
		FA13FD17255E866700F3D9F1 /* BaseView.swift */ = {isa = PBXFileReference; lastKnownFileType = sourcecode.swift; path = BaseView.swift; sourceTree = "<group>"; };
		FA13FD1A255E8BA300F3D9F1 /* ListVC.swift */ = {isa = PBXFileReference; lastKnownFileType = sourcecode.swift; path = ListVC.swift; sourceTree = "<group>"; };
		FA13FD1C255E8BA900F3D9F1 /* ListView.swift */ = {isa = PBXFileReference; lastKnownFileType = sourcecode.swift; path = ListView.swift; sourceTree = "<group>"; };
		FA13FD1E255E8C9200F3D9F1 /* BaseVC.swift */ = {isa = PBXFileReference; lastKnownFileType = sourcecode.swift; path = BaseVC.swift; sourceTree = "<group>"; };
		FA13FD20255E96F300F3D9F1 /* HomeVM.swift */ = {isa = PBXFileReference; lastKnownFileType = sourcecode.swift; path = HomeVM.swift; sourceTree = "<group>"; };
		FA13FD22255E96FF00F3D9F1 /* ListVM.swift */ = {isa = PBXFileReference; lastKnownFileType = sourcecode.swift; path = ListVM.swift; sourceTree = "<group>"; };
		FA13FD24255E970800F3D9F1 /* HomeCoordinator.swift */ = {isa = PBXFileReference; lastKnownFileType = sourcecode.swift; path = HomeCoordinator.swift; sourceTree = "<group>"; };
		FA13FD26255E971200F3D9F1 /* ListCoordinator.swift */ = {isa = PBXFileReference; lastKnownFileType = sourcecode.swift; path = ListCoordinator.swift; sourceTree = "<group>"; };
		FA13FD28255E972E00F3D9F1 /* AppCoordinator.swift */ = {isa = PBXFileReference; lastKnownFileType = sourcecode.swift; path = AppCoordinator.swift; sourceTree = "<group>"; };
		FA9F0BAE255E732D002FFBF9 /* SwiftBase_art.app */ = {isa = PBXFileReference; explicitFileType = wrapper.application; includeInIndex = 0; path = SwiftBase_art.app; sourceTree = BUILT_PRODUCTS_DIR; };
		FA9F0BB1255E732D002FFBF9 /* AppDelegate.swift */ = {isa = PBXFileReference; lastKnownFileType = sourcecode.swift; path = AppDelegate.swift; sourceTree = "<group>"; };
		FA9F0BB3255E732D002FFBF9 /* SceneDelegate.swift */ = {isa = PBXFileReference; lastKnownFileType = sourcecode.swift; path = SceneDelegate.swift; sourceTree = "<group>"; };
		FA9F0BB5255E732D002FFBF9 /* HomeVC.swift */ = {isa = PBXFileReference; lastKnownFileType = sourcecode.swift; path = HomeVC.swift; sourceTree = "<group>"; };
		FA9F0BBA255E7330002FFBF9 /* Assets.xcassets */ = {isa = PBXFileReference; lastKnownFileType = folder.assetcatalog; path = Assets.xcassets; sourceTree = "<group>"; };
		FA9F0BBD255E7330002FFBF9 /* Base */ = {isa = PBXFileReference; lastKnownFileType = file.storyboard; name = Base; path = Base.lproj/LaunchScreen.storyboard; sourceTree = "<group>"; };
		FA9F0BBF255E7330002FFBF9 /* Info.plist */ = {isa = PBXFileReference; lastKnownFileType = text.plist.xml; path = Info.plist; sourceTree = "<group>"; };
/* End PBXFileReference section */

/* Begin PBXFrameworksBuildPhase section */
		FA9F0BAB255E732D002FFBF9 /* Frameworks */ = {
			isa = PBXFrameworksBuildPhase;
			buildActionMask = 2147483647;
			files = (
				787D5646CF3B33247AFFD5F7 /* Pods_SwiftBase_art.framework in Frameworks */,
			);
			runOnlyForDeploymentPostprocessing = 0;
		};
/* End PBXFrameworksBuildPhase section */

/* Begin PBXGroup section */
		55F0B37A4729E67749124CBE /* Pods */ = {
			isa = PBXGroup;
			children = (
				E30F84E324EC3F24A1B4F9B2 /* Pods-SwiftBase_art.debug.xcconfig */,
				C66DE11AC9F1BB982AAB8479 /* Pods-SwiftBase_art.release.xcconfig */,
			);
			path = Pods;
			sourceTree = "<group>";
		};
		5868F35F366700B74D402C00 /* Frameworks */ = {
			isa = PBXGroup;
			children = (
				F378DDCA874736900F974B6F /* Pods_SwiftBase_art.framework */,
			);
			name = Frameworks;
			sourceTree = "<group>";
		};
		FA13FD0D255E858900F3D9F1 /* Home */ = {
			isa = PBXGroup;
			children = (
				FA9F0BB5255E732D002FFBF9 /* HomeVC.swift */,
				FA13FD14255E865800F3D9F1 /* HomeView.swift */,
				FA13FD20255E96F300F3D9F1 /* HomeVM.swift */,
				FA13FD24255E970800F3D9F1 /* HomeCoordinator.swift */,
			);
			path = Home;
			sourceTree = "<group>";
		};
		FA13FD0F255E85C500F3D9F1 /* App */ = {
			isa = PBXGroup;
			children = (
				FA9F0BB1255E732D002FFBF9 /* AppDelegate.swift */,
				FA9F0BB3255E732D002FFBF9 /* SceneDelegate.swift */,
				FA13FD10255E862500F3D9F1 /* BaseNC.swift */,
				FA13FD28255E972E00F3D9F1 /* AppCoordinator.swift */,
			);
			path = App;
			sourceTree = "<group>";
		};
		FA13FD16255E866100F3D9F1 /* Base */ = {
			isa = PBXGroup;
			children = (
				FA13FD17255E866700F3D9F1 /* BaseView.swift */,
				FA13FD1E255E8C9200F3D9F1 /* BaseVC.swift */,
			);
			path = Base;
			sourceTree = "<group>";
		};
		FA13FD19255E8B9800F3D9F1 /* List */ = {
			isa = PBXGroup;
			children = (
				FA13FD1A255E8BA300F3D9F1 /* ListVC.swift */,
				FA13FD1C255E8BA900F3D9F1 /* ListView.swift */,
				FA13FD22255E96FF00F3D9F1 /* ListVM.swift */,
				FA13FD26255E971200F3D9F1 /* ListCoordinator.swift */,
			);
			path = List;
			sourceTree = "<group>";
		};
		FA9F0BA5255E732D002FFBF9 = {
			isa = PBXGroup;
			children = (
				FA9F0BB0255E732D002FFBF9 /* SwiftBase_art */,
				FA9F0BAF255E732D002FFBF9 /* Products */,
				55F0B37A4729E67749124CBE /* Pods */,
				5868F35F366700B74D402C00 /* Frameworks */,
			);
			sourceTree = "<group>";
		};
		FA9F0BAF255E732D002FFBF9 /* Products */ = {
			isa = PBXGroup;
			children = (
				FA9F0BAE255E732D002FFBF9 /* SwiftBase_art.app */,
			);
			name = Products;
			sourceTree = "<group>";
		};
		FA9F0BB0255E732D002FFBF9 /* SwiftBase_art */ = {
			isa = PBXGroup;
			children = (
				FA13FD0F255E85C500F3D9F1 /* App */,
				FA13FD16255E866100F3D9F1 /* Base */,
				FA13FD0D255E858900F3D9F1 /* Home */,
				FA13FD19255E8B9800F3D9F1 /* List */,
				FA9F0BBA255E7330002FFBF9 /* Assets.xcassets */,
				FA9F0BBC255E7330002FFBF9 /* LaunchScreen.storyboard */,
				FA9F0BBF255E7330002FFBF9 /* Info.plist */,
			);
			path = SwiftBase_art;
			sourceTree = "<group>";
		};
/* End PBXGroup section */

/* Begin PBXNativeTarget section */
		FA9F0BAD255E732D002FFBF9 /* SwiftBase_art */ = {
			isa = PBXNativeTarget;
			buildConfigurationList = FA9F0BC2255E7330002FFBF9 /* Build configuration list for PBXNativeTarget "SwiftBase_art" */;
			buildPhases = (
				66019F16B5F17CE31023440F /* [CP] Check Pods Manifest.lock */,
				FA9F0BAA255E732D002FFBF9 /* Sources */,
				FA9F0BAB255E732D002FFBF9 /* Frameworks */,
				FA9F0BAC255E732D002FFBF9 /* Resources */,
				0BF9E86D280D7066D53268D8 /* [CP] Embed Pods Frameworks */,
			);
			buildRules = (
			);
			dependencies = (
			);
			name = SwiftBase_art;
			productName = SwiftBase_art;
			productReference = FA9F0BAE255E732D002FFBF9 /* SwiftBase_art.app */;
			productType = "com.apple.product-type.application";
		};
/* End PBXNativeTarget section */

/* Begin PBXProject section */
		FA9F0BA6255E732D002FFBF9 /* Project object */ = {
			isa = PBXProject;
			attributes = {
				LastSwiftUpdateCheck = 1150;
				LastUpgradeCheck = 1150;
				ORGANIZATIONNAME = MacBook;
				TargetAttributes = {
					FA9F0BAD255E732D002FFBF9 = {
						CreatedOnToolsVersion = 11.5;
					};
				};
			};
			buildConfigurationList = FA9F0BA9255E732D002FFBF9 /* Build configuration list for PBXProject "SwiftBase_art" */;
			compatibilityVersion = "Xcode 9.3";
			developmentRegion = en;
			hasScannedForEncodings = 0;
			knownRegions = (
				en,
				Base,
			);
			mainGroup = FA9F0BA5255E732D002FFBF9;
			productRefGroup = FA9F0BAF255E732D002FFBF9 /* Products */;
			projectDirPath = "";
			projectRoot = "";
			targets = (
				FA9F0BAD255E732D002FFBF9 /* SwiftBase_art */,
			);
		};
/* End PBXProject section */

/* Begin PBXResourcesBuildPhase section */
		FA9F0BAC255E732D002FFBF9 /* Resources */ = {
			isa = PBXResourcesBuildPhase;
			buildActionMask = 2147483647;
			files = (
				FA9F0BBE255E7330002FFBF9 /* LaunchScreen.storyboard in Resources */,
				FA9F0BBB255E7330002FFBF9 /* Assets.xcassets in Resources */,
			);
			runOnlyForDeploymentPostprocessing = 0;
		};
/* End PBXResourcesBuildPhase section */

/* Begin PBXShellScriptBuildPhase section */
		0BF9E86D280D7066D53268D8 /* [CP] Embed Pods Frameworks */ = {
			isa = PBXShellScriptBuildPhase;
			buildActionMask = 2147483647;
			files = (
			);
			inputFileListPaths = (
				"${PODS_ROOT}/Target Support Files/Pods-SwiftBase_art/Pods-SwiftBase_art-frameworks-${CONFIGURATION}-input-files.xcfilelist",
			);
			name = "[CP] Embed Pods Frameworks";
			outputFileListPaths = (
				"${PODS_ROOT}/Target Support Files/Pods-SwiftBase_art/Pods-SwiftBase_art-frameworks-${CONFIGURATION}-output-files.xcfilelist",
			);
			runOnlyForDeploymentPostprocessing = 0;
			shellPath = /bin/sh;
			shellScript = "\"${PODS_ROOT}/Target Support Files/Pods-SwiftBase_art/Pods-SwiftBase_art-frameworks.sh\"\n";
			showEnvVarsInLog = 0;
		};
		66019F16B5F17CE31023440F /* [CP] Check Pods Manifest.lock */ = {
			isa = PBXShellScriptBuildPhase;
			buildActionMask = 2147483647;
			files = (
			);
			inputFileListPaths = (
			);
			inputPaths = (
				"${PODS_PODFILE_DIR_PATH}/Podfile.lock",
				"${PODS_ROOT}/Manifest.lock",
			);
			name = "[CP] Check Pods Manifest.lock";
			outputFileListPaths = (
			);
			outputPaths = (
				"$(DERIVED_FILE_DIR)/Pods-SwiftBase_art-checkManifestLockResult.txt",
			);
			runOnlyForDeploymentPostprocessing = 0;
			shellPath = /bin/sh;
			shellScript = "diff \"${PODS_PODFILE_DIR_PATH}/Podfile.lock\" \"${PODS_ROOT}/Manifest.lock\" > /dev/null\nif [ $? != 0 ] ; then\n    # print error to STDERR\n    echo \"error: The sandbox is not in sync with the Podfile.lock. Run 'pod install' or update your CocoaPods installation.\" >&2\n    exit 1\nfi\n# This output is used by Xcode 'outputs' to avoid re-running this script phase.\necho \"SUCCESS\" > \"${SCRIPT_OUTPUT_FILE_0}\"\n";
			showEnvVarsInLog = 0;
		};
/* End PBXShellScriptBuildPhase section */

/* Begin PBXSourcesBuildPhase section */
		FA9F0BAA255E732D002FFBF9 /* Sources */ = {
			isa = PBXSourcesBuildPhase;
			buildActionMask = 2147483647;
			files = (
				FA13FD21255E96F300F3D9F1 /* HomeVM.swift in Sources */,
				FA9F0BB6255E732D002FFBF9 /* HomeVC.swift in Sources */,
				FA9F0BB2255E732D002FFBF9 /* AppDelegate.swift in Sources */,
				FA13FD15255E865800F3D9F1 /* HomeView.swift in Sources */,
				FA13FD1B255E8BA300F3D9F1 /* ListVC.swift in Sources */,
				FA13FD23255E96FF00F3D9F1 /* ListVM.swift in Sources */,
				FA13FD18255E866700F3D9F1 /* BaseView.swift in Sources */,
				FA13FD25255E970800F3D9F1 /* HomeCoordinator.swift in Sources */,
				FA9F0BB4255E732D002FFBF9 /* SceneDelegate.swift in Sources */,
				FA13FD27255E971200F3D9F1 /* ListCoordinator.swift in Sources */,
				FA13FD11255E862500F3D9F1 /* BaseNC.swift in Sources */,
				FA13FD29255E972E00F3D9F1 /* AppCoordinator.swift in Sources */,
				FA13FD1D255E8BA900F3D9F1 /* ListView.swift in Sources */,
				FA13FD1F255E8C9200F3D9F1 /* BaseVC.swift in Sources */,
			);
			runOnlyForDeploymentPostprocessing = 0;
		};
/* End PBXSourcesBuildPhase section */

/* Begin PBXVariantGroup section */
		FA9F0BBC255E7330002FFBF9 /* LaunchScreen.storyboard */ = {
			isa = PBXVariantGroup;
			children = (
				FA9F0BBD255E7330002FFBF9 /* Base */,
			);
			name = LaunchScreen.storyboard;
			sourceTree = "<group>";
		};
/* End PBXVariantGroup section */

/* Begin XCBuildConfiguration section */
		FA9F0BC0255E7330002FFBF9 /* Debug */ = {
			isa = XCBuildConfiguration;
			buildSettings = {
				ALWAYS_SEARCH_USER_PATHS = NO;
				CLANG_ANALYZER_NONNULL = YES;
				CLANG_ANALYZER_NUMBER_OBJECT_CONVERSION = YES_AGGRESSIVE;
				CLANG_CXX_LANGUAGE_STANDARD = "gnu++14";
				CLANG_CXX_LIBRARY = "libc++";
				CLANG_ENABLE_MODULES = YES;
				CLANG_ENABLE_OBJC_ARC = YES;
				CLANG_ENABLE_OBJC_WEAK = YES;
				CLANG_WARN_BLOCK_CAPTURE_AUTORELEASING = YES;
				CLANG_WARN_BOOL_CONVERSION = YES;
				CLANG_WARN_COMMA = YES;
				CLANG_WARN_CONSTANT_CONVERSION = YES;
				CLANG_WARN_DEPRECATED_OBJC_IMPLEMENTATIONS = YES;
				CLANG_WARN_DIRECT_OBJC_ISA_USAGE = YES_ERROR;
				CLANG_WARN_DOCUMENTATION_COMMENTS = YES;
				CLANG_WARN_EMPTY_BODY = YES;
				CLANG_WARN_ENUM_CONVERSION = YES;
				CLANG_WARN_INFINITE_RECURSION = YES;
				CLANG_WARN_INT_CONVERSION = YES;
				CLANG_WARN_NON_LITERAL_NULL_CONVERSION = YES;
				CLANG_WARN_OBJC_IMPLICIT_RETAIN_SELF = YES;
				CLANG_WARN_OBJC_LITERAL_CONVERSION = YES;
				CLANG_WARN_OBJC_ROOT_CLASS = YES_ERROR;
				CLANG_WARN_RANGE_LOOP_ANALYSIS = YES;
				CLANG_WARN_STRICT_PROTOTYPES = YES;
				CLANG_WARN_SUSPICIOUS_MOVE = YES;
				CLANG_WARN_UNGUARDED_AVAILABILITY = YES_AGGRESSIVE;
				CLANG_WARN_UNREACHABLE_CODE = YES;
				CLANG_WARN__DUPLICATE_METHOD_MATCH = YES;
				COPY_PHASE_STRIP = NO;
				DEBUG_INFORMATION_FORMAT = dwarf;
				ENABLE_STRICT_OBJC_MSGSEND = YES;
				ENABLE_TESTABILITY = YES;
				GCC_C_LANGUAGE_STANDARD = gnu11;
				GCC_DYNAMIC_NO_PIC = NO;
				GCC_NO_COMMON_BLOCKS = YES;
				GCC_OPTIMIZATION_LEVEL = 0;
				GCC_PREPROCESSOR_DEFINITIONS = (
					"DEBUG=1",
					"$(inherited)",
				);
				GCC_WARN_64_TO_32_BIT_CONVERSION = YES;
				GCC_WARN_ABOUT_RETURN_TYPE = YES_ERROR;
				GCC_WARN_UNDECLARED_SELECTOR = YES;
				GCC_WARN_UNINITIALIZED_AUTOS = YES_AGGRESSIVE;
				GCC_WARN_UNUSED_FUNCTION = YES;
				GCC_WARN_UNUSED_VARIABLE = YES;
				IPHONEOS_DEPLOYMENT_TARGET = 13.0;
				MTL_ENABLE_DEBUG_INFO = INCLUDE_SOURCE;
				MTL_FAST_MATH = YES;
				ONLY_ACTIVE_ARCH = YES;
				SDKROOT = iphoneos;
				SWIFT_ACTIVE_COMPILATION_CONDITIONS = DEBUG;
				SWIFT_OPTIMIZATION_LEVEL = "-Onone";
			};
			name = Debug;
		};
		FA9F0BC1255E7330002FFBF9 /* Release */ = {
			isa = XCBuildConfiguration;
			buildSettings = {
				ALWAYS_SEARCH_USER_PATHS = NO;
				CLANG_ANALYZER_NONNULL = YES;
				CLANG_ANALYZER_NUMBER_OBJECT_CONVERSION = YES_AGGRESSIVE;
				CLANG_CXX_LANGUAGE_STANDARD = "gnu++14";
				CLANG_CXX_LIBRARY = "libc++";
				CLANG_ENABLE_MODULES = YES;
				CLANG_ENABLE_OBJC_ARC = YES;
				CLANG_ENABLE_OBJC_WEAK = YES;
				CLANG_WARN_BLOCK_CAPTURE_AUTORELEASING = YES;
				CLANG_WARN_BOOL_CONVERSION = YES;
				CLANG_WARN_COMMA = YES;
				CLANG_WARN_CONSTANT_CONVERSION = YES;
				CLANG_WARN_DEPRECATED_OBJC_IMPLEMENTATIONS = YES;
				CLANG_WARN_DIRECT_OBJC_ISA_USAGE = YES_ERROR;
				CLANG_WARN_DOCUMENTATION_COMMENTS = YES;
				CLANG_WARN_EMPTY_BODY = YES;
				CLANG_WARN_ENUM_CONVERSION = YES;
				CLANG_WARN_INFINITE_RECURSION = YES;
				CLANG_WARN_INT_CONVERSION = YES;
				CLANG_WARN_NON_LITERAL_NULL_CONVERSION = YES;
				CLANG_WARN_OBJC_IMPLICIT_RETAIN_SELF = YES;
				CLANG_WARN_OBJC_LITERAL_CONVERSION = YES;
				CLANG_WARN_OBJC_ROOT_CLASS = YES_ERROR;
				CLANG_WARN_RANGE_LOOP_ANALYSIS = YES;
				CLANG_WARN_STRICT_PROTOTYPES = YES;
				CLANG_WARN_SUSPICIOUS_MOVE = YES;
				CLANG_WARN_UNGUARDED_AVAILABILITY = YES_AGGRESSIVE;
				CLANG_WARN_UNREACHABLE_CODE = YES;
				CLANG_WARN__DUPLICATE_METHOD_MATCH = YES;
				COPY_PHASE_STRIP = NO;
				DEBUG_INFORMATION_FORMAT = "dwarf-with-dsym";
				ENABLE_NS_ASSERTIONS = NO;
				ENABLE_STRICT_OBJC_MSGSEND = YES;
				GCC_C_LANGUAGE_STANDARD = gnu11;
				GCC_NO_COMMON_BLOCKS = YES;
				GCC_WARN_64_TO_32_BIT_CONVERSION = YES;
				GCC_WARN_ABOUT_RETURN_TYPE = YES_ERROR;
				GCC_WARN_UNDECLARED_SELECTOR = YES;
				GCC_WARN_UNINITIALIZED_AUTOS = YES_AGGRESSIVE;
				GCC_WARN_UNUSED_FUNCTION = YES;
				GCC_WARN_UNUSED_VARIABLE = YES;
				IPHONEOS_DEPLOYMENT_TARGET = 13.0;
				MTL_ENABLE_DEBUG_INFO = NO;
				MTL_FAST_MATH = YES;
				SDKROOT = iphoneos;
				SWIFT_COMPILATION_MODE = wholemodule;
				SWIFT_OPTIMIZATION_LEVEL = "-O";
				VALIDATE_PRODUCT = YES;
			};
			name = Release;
		};
		FA9F0BC3255E7330002FFBF9 /* Debug */ = {
			isa = XCBuildConfiguration;
			baseConfigurationReference = E30F84E324EC3F24A1B4F9B2 /* Pods-SwiftBase_art.debug.xcconfig */;
			buildSettings = {
				ASSETCATALOG_COMPILER_APPICON_NAME = AppIcon;
				CODE_SIGN_STYLE = Automatic;
				INFOPLIST_FILE = SwiftBase_art/Info.plist;
				LD_RUNPATH_SEARCH_PATHS = (
					"$(inherited)",
					"@executable_path/Frameworks",
				);
				PRODUCT_BUNDLE_IDENTIFIER = "com.SwiftBase-art";
				PRODUCT_NAME = "$(TARGET_NAME)";
				SWIFT_VERSION = 4.2;
				TARGETED_DEVICE_FAMILY = "1,2";
			};
			name = Debug;
		};
		FA9F0BC4255E7330002FFBF9 /* Release */ = {
			isa = XCBuildConfiguration;
			baseConfigurationReference = C66DE11AC9F1BB982AAB8479 /* Pods-SwiftBase_art.release.xcconfig */;
			buildSettings = {
				ASSETCATALOG_COMPILER_APPICON_NAME = AppIcon;
				CODE_SIGN_STYLE = Automatic;
				INFOPLIST_FILE = SwiftBase_art/Info.plist;
				LD_RUNPATH_SEARCH_PATHS = (
					"$(inherited)",
					"@executable_path/Frameworks",
				);
				PRODUCT_BUNDLE_IDENTIFIER = "com.SwiftBase-art";
				PRODUCT_NAME = "$(TARGET_NAME)";
				SWIFT_VERSION = 4.2;
				TARGETED_DEVICE_FAMILY = "1,2";
			};
			name = Release;
		};
/* End XCBuildConfiguration section */

/* Begin XCConfigurationList section */
		FA9F0BA9255E732D002FFBF9 /* Build configuration list for PBXProject "SwiftBase_art" */ = {
			isa = XCConfigurationList;
			buildConfigurations = (
				FA9F0BC0255E7330002FFBF9 /* Debug */,
				FA9F0BC1255E7330002FFBF9 /* Release */,
			);
			defaultConfigurationIsVisible = 0;
			defaultConfigurationName = Release;
		};
		FA9F0BC2255E7330002FFBF9 /* Build configuration list for PBXNativeTarget "SwiftBase_art" */ = {
			isa = XCConfigurationList;
			buildConfigurations = (
				FA9F0BC3255E7330002FFBF9 /* Debug */,
				FA9F0BC4255E7330002FFBF9 /* Release */,
			);
			defaultConfigurationIsVisible = 0;
			defaultConfigurationName = Release;
		};
/* End XCConfigurationList section */
	};
	rootObject = FA9F0BA6255E732D002FFBF9 /* Project object */;
}
